
Microsoft Visual Studio Solution File, Format Version 12.00
# Visual Studio 15
VisualStudioVersion = 15.0.28307.757
MinimumVisualStudioVersion = 10.0.40219.1
Project("{FAE04EC0-301F-11D3-BF4B-00C04F79EFBC}") = "Secao9", "Secao9\Secao9.csproj", "{F79E01CA-CD98-47FE-8EE5-1633E586A6BF}"
EndProject
Global
	GlobalSection(SolutionConfigurationPlatforms) = preSolution
		Debug|Any CPU = Debug|Any CPU
		Release|Any CPU = Release|Any CPU
	EndGlobalSection
	GlobalSection(ProjectConfigurationPlatforms) = postSolution
		{F79E01CA-CD98-47FE-8EE5-1633E586A6BF}.Debug|Any CPU.ActiveCfg = Debug|Any CPU
		{F79E01CA-CD98-47FE-8EE5-1633E586A6BF}.Debug|Any CPU.Build.0 = Debug|Any CPU
		{F79E01CA-CD98-47FE-8EE5-1633E586A6BF}.Release|Any CPU.ActiveCfg = Release|Any CPU
		{F79E01CA-CD98-47FE-8EE5-1633E586A6BF}.Release|Any CPU.Build.0 = Release|Any CPU
	EndGlobalSection
	GlobalSection(SolutionProperties) = preSolution
		HideSolutionNode = FALSE
	EndGlobalSection
	GlobalSection(ExtensibilityGlobals) = postSolution
		SolutionGuid = {740DD322-A1E0-4723-B1EE-FE3480795180}
	EndGlobalSection
EndGlobal
